
Microsoft Visual Studio Solution File, Format Version 12.00
# Visual Studio 2013
VisualStudioVersion = 12.0.31101.0
MinimumVisualStudioVersion = 10.0.40219.1
Project("{FAE04EC0-301F-11D3-BF4B-00C04F79EFBC}") = "JibesoftTest", "JibesoftTest\JibesoftTest.csproj", "{54151624-55E6-4C3F-ACD3-B4965CD2A96D}"
EndProject
Project("{FAE04EC0-301F-11D3-BF4B-00C04F79EFBC}") = "JibesoftData", "GetFromDb\JibesoftData.csproj", "{23DBEA9D-0F10-4C47-8276-8361C89D54FF}"
EndProject
Global
	GlobalSection(SolutionConfigurationPlatforms) = preSolution
		Debug|Any CPU = Debug|Any CPU
		Release|Any CPU = Release|Any CPU
	EndGlobalSection
	GlobalSection(ProjectConfigurationPlatforms) = postSolution
		{54151624-55E6-4C3F-ACD3-B4965CD2A96D}.Debug|Any CPU.ActiveCfg = Debug|Any CPU
		{54151624-55E6-4C3F-ACD3-B4965CD2A96D}.Debug|Any CPU.Build.0 = Debug|Any CPU
		{54151624-55E6-4C3F-ACD3-B4965CD2A96D}.Release|Any CPU.ActiveCfg = Release|Any CPU
		{54151624-55E6-4C3F-ACD3-B4965CD2A96D}.Release|Any CPU.Build.0 = Release|Any CPU
		{23DBEA9D-0F10-4C47-8276-8361C89D54FF}.Debug|Any CPU.ActiveCfg = Debug|Any CPU
		{23DBEA9D-0F10-4C47-8276-8361C89D54FF}.Debug|Any CPU.Build.0 = Debug|Any CPU
		{23DBEA9D-0F10-4C47-8276-8361C89D54FF}.Release|Any CPU.ActiveCfg = Release|Any CPU
		{23DBEA9D-0F10-4C47-8276-8361C89D54FF}.Release|Any CPU.Build.0 = Release|Any CPU
	EndGlobalSection
	GlobalSection(SolutionProperties) = preSolution
		HideSolutionNode = FALSE
	EndGlobalSection
EndGlobal
